// !$*UTF8*$!
{
	archiveVersion = 1;
	classes = {
	};
	objectVersion = 50;
	objects = {

/* Begin PBXBuildFile section */
		731791CD24F514D800AE96FB /* SettingController.swift in Sources */ = {isa = PBXBuildFile; fileRef = 731791CC24F514D800AE96FB /* SettingController.swift */; };
		735D56FD24F3D0070026A7A7 /* AppDelegate.swift in Sources */ = {isa = PBXBuildFile; fileRef = 735D56FC24F3D0070026A7A7 /* AppDelegate.swift */; };
		735D56FF24F3D0070026A7A7 /* SceneDelegate.swift in Sources */ = {isa = PBXBuildFile; fileRef = 735D56FE24F3D0070026A7A7 /* SceneDelegate.swift */; };
		735D570424F3D0070026A7A7 /* Main.storyboard in Resources */ = {isa = PBXBuildFile; fileRef = 735D570224F3D0070026A7A7 /* Main.storyboard */; };
		735D570624F3D00B0026A7A7 /* Assets.xcassets in Resources */ = {isa = PBXBuildFile; fileRef = 735D570524F3D00B0026A7A7 /* Assets.xcassets */; };
		735D570924F3D00B0026A7A7 /* LaunchScreen.storyboard in Resources */ = {isa = PBXBuildFile; fileRef = 735D570724F3D00B0026A7A7 /* LaunchScreen.storyboard */; };
		738D4DD924F4E9150047DB04 /* WelcomeController.swift in Sources */ = {isa = PBXBuildFile; fileRef = 738D4DD824F4E9150047DB04 /* WelcomeController.swift */; };
		738D4DDB24F4EF490047DB04 /* MainController.swift in Sources */ = {isa = PBXBuildFile; fileRef = 738D4DDA24F4EF490047DB04 /* MainController.swift */; };
		738D4DE524F4F16C0047DB04 /* MyCollectionViewCell.swift in Sources */ = {isa = PBXBuildFile; fileRef = 738D4DE324F4F16C0047DB04 /* MyCollectionViewCell.swift */; };
		738D4DE624F4F16C0047DB04 /* MyCollectionViewCell.xib in Resources */ = {isa = PBXBuildFile; fileRef = 738D4DE424F4F16C0047DB04 /* MyCollectionViewCell.xib */; };
		73B7ECC324F5F93000D909CE /* UserDefault.swift in Sources */ = {isa = PBXBuildFile; fileRef = 73B7ECC224F5F93000D909CE /* UserDefault.swift */; };
		73B7ECC524F6098800D909CE /* Card.swift in Sources */ = {isa = PBXBuildFile; fileRef = 73B7ECC424F6098800D909CE /* Card.swift */; };
		73B7ECC724F60F3D00D909CE /* CardModel.swift in Sources */ = {isa = PBXBuildFile; fileRef = 73B7ECC624F60F3D00D909CE /* CardModel.swift */; };
		73B7ECC924F61C2400D909CE /* ResultViewController.swift in Sources */ = {isa = PBXBuildFile; fileRef = 73B7ECC824F61C2400D909CE /* ResultViewController.swift */; };
		73DBEF9F24F63C6A00AFA9BF /* Score.swift in Sources */ = {isa = PBXBuildFile; fileRef = 73DBEF9E24F63C6A00AFA9BF /* Score.swift */; };
/* End PBXBuildFile section */

/* Begin PBXFileReference section */
		731791CC24F514D800AE96FB /* SettingController.swift */ = {isa = PBXFileReference; lastKnownFileType = sourcecode.swift; path = SettingController.swift; sourceTree = "<group>"; };
		735D56F924F3D0070026A7A7 /* MyPikachuApp.app */ = {isa = PBXFileReference; explicitFileType = wrapper.application; includeInIndex = 0; path = MyPikachuApp.app; sourceTree = BUILT_PRODUCTS_DIR; };
		735D56FC24F3D0070026A7A7 /* AppDelegate.swift */ = {isa = PBXFileReference; lastKnownFileType = sourcecode.swift; path = AppDelegate.swift; sourceTree = "<group>"; };
		735D56FE24F3D0070026A7A7 /* SceneDelegate.swift */ = {isa = PBXFileReference; lastKnownFileType = sourcecode.swift; path = SceneDelegate.swift; sourceTree = "<group>"; };
		735D570324F3D0070026A7A7 /* Base */ = {isa = PBXFileReference; lastKnownFileType = file.storyboard; name = Base; path = Base.lproj/Main.storyboard; sourceTree = "<group>"; };
		735D570524F3D00B0026A7A7 /* Assets.xcassets */ = {isa = PBXFileReference; lastKnownFileType = folder.assetcatalog; path = Assets.xcassets; sourceTree = "<group>"; };
		735D570824F3D00B0026A7A7 /* Base */ = {isa = PBXFileReference; lastKnownFileType = file.storyboard; name = Base; path = Base.lproj/LaunchScreen.storyboard; sourceTree = "<group>"; };
		735D570A24F3D00B0026A7A7 /* Info.plist */ = {isa = PBXFileReference; lastKnownFileType = text.plist.xml; path = Info.plist; sourceTree = "<group>"; };
		738D4DD824F4E9150047DB04 /* WelcomeController.swift */ = {isa = PBXFileReference; lastKnownFileType = sourcecode.swift; path = WelcomeController.swift; sourceTree = "<group>"; };
		738D4DDA24F4EF490047DB04 /* MainController.swift */ = {isa = PBXFileReference; lastKnownFileType = sourcecode.swift; path = MainController.swift; sourceTree = "<group>"; };
		738D4DE324F4F16C0047DB04 /* MyCollectionViewCell.swift */ = {isa = PBXFileReference; lastKnownFileType = sourcecode.swift; path = MyCollectionViewCell.swift; sourceTree = "<group>"; };
		738D4DE424F4F16C0047DB04 /* MyCollectionViewCell.xib */ = {isa = PBXFileReference; lastKnownFileType = file.xib; path = MyCollectionViewCell.xib; sourceTree = "<group>"; };
		73B7ECC224F5F93000D909CE /* UserDefault.swift */ = {isa = PBXFileReference; lastKnownFileType = sourcecode.swift; path = UserDefault.swift; sourceTree = "<group>"; };
		73B7ECC424F6098800D909CE /* Card.swift */ = {isa = PBXFileReference; lastKnownFileType = sourcecode.swift; path = Card.swift; sourceTree = "<group>"; };
		73B7ECC624F60F3D00D909CE /* CardModel.swift */ = {isa = PBXFileReference; lastKnownFileType = sourcecode.swift; path = CardModel.swift; sourceTree = "<group>"; };
		73B7ECC824F61C2400D909CE /* ResultViewController.swift */ = {isa = PBXFileReference; lastKnownFileType = sourcecode.swift; path = ResultViewController.swift; sourceTree = "<group>"; };
		73DBEF9E24F63C6A00AFA9BF /* Score.swift */ = {isa = PBXFileReference; lastKnownFileType = sourcecode.swift; path = Score.swift; sourceTree = "<group>"; };
/* End PBXFileReference section */

/* Begin PBXFrameworksBuildPhase section */
		735D56F624F3D0070026A7A7 /* Frameworks */ = {
			isa = PBXFrameworksBuildPhase;
			buildActionMask = 2147483647;
			files = (
			);
			runOnlyForDeploymentPostprocessing = 0;
		};
/* End PBXFrameworksBuildPhase section */

/* Begin PBXGroup section */
		735D56F024F3D0070026A7A7 = {
			isa = PBXGroup;
			children = (
				73B7ECC124F5F90F00D909CE /* Data */,
				738D4DE024F4F1460047DB04 /* Views */,
				735D56FB24F3D0070026A7A7 /* MyPikachuApp */,
				735D56FA24F3D0070026A7A7 /* Products */,
			);
			sourceTree = "<group>";
		};
		735D56FA24F3D0070026A7A7 /* Products */ = {
			isa = PBXGroup;
			children = (
				735D56F924F3D0070026A7A7 /* MyPikachuApp.app */,
			);
			name = Products;
			sourceTree = "<group>";
		};
		735D56FB24F3D0070026A7A7 /* MyPikachuApp */ = {
			isa = PBXGroup;
			children = (
				735D56FC24F3D0070026A7A7 /* AppDelegate.swift */,
				735D56FE24F3D0070026A7A7 /* SceneDelegate.swift */,
				738D4DD824F4E9150047DB04 /* WelcomeController.swift */,
				738D4DDA24F4EF490047DB04 /* MainController.swift */,
				731791CC24F514D800AE96FB /* SettingController.swift */,
				73B7ECC824F61C2400D909CE /* ResultViewController.swift */,
				735D570224F3D0070026A7A7 /* Main.storyboard */,
				735D570524F3D00B0026A7A7 /* Assets.xcassets */,
				735D570724F3D00B0026A7A7 /* LaunchScreen.storyboard */,
				735D570A24F3D00B0026A7A7 /* Info.plist */,
			);
			path = MyPikachuApp;
			sourceTree = "<group>";
		};
		738D4DE024F4F1460047DB04 /* Views */ = {
			isa = PBXGroup;
			children = (
				738D4DE324F4F16C0047DB04 /* MyCollectionViewCell.swift */,
				738D4DE424F4F16C0047DB04 /* MyCollectionViewCell.xib */,
			);
			path = Views;
			sourceTree = "<group>";
		};
		73B7ECC124F5F90F00D909CE /* Data */ = {
			isa = PBXGroup;
			children = (
				73B7ECC224F5F93000D909CE /* UserDefault.swift */,
				73B7ECC424F6098800D909CE /* Card.swift */,
				73B7ECC624F60F3D00D909CE /* CardModel.swift */,
				73DBEF9E24F63C6A00AFA9BF /* Score.swift */,
			);
			path = Data;
			sourceTree = "<group>";
		};
/* End PBXGroup section */

/* Begin PBXNativeTarget section */
		735D56F824F3D0070026A7A7 /* MyPikachuApp */ = {
			isa = PBXNativeTarget;
			buildConfigurationList = 735D570D24F3D00B0026A7A7 /* Build configuration list for PBXNativeTarget "MyPikachuApp" */;
			buildPhases = (
				735D56F524F3D0070026A7A7 /* Sources */,
				735D56F624F3D0070026A7A7 /* Frameworks */,
				735D56F724F3D0070026A7A7 /* Resources */,
			);
			buildRules = (
			);
			dependencies = (
			);
			name = MyPikachuApp;
			productName = MyPikachuApp;
			productReference = 735D56F924F3D0070026A7A7 /* MyPikachuApp.app */;
			productType = "com.apple.product-type.application";
		};
/* End PBXNativeTarget section */

/* Begin PBXProject section */
		735D56F124F3D0070026A7A7 /* Project object */ = {
			isa = PBXProject;
			attributes = {
				LastSwiftUpdateCheck = 1160;
				LastUpgradeCheck = 1160;
				ORGANIZATIONNAME = "THUY Nguyen Duong Thu";
				TargetAttributes = {
					735D56F824F3D0070026A7A7 = {
						CreatedOnToolsVersion = 11.6;
					};
				};
			};
			buildConfigurationList = 735D56F424F3D0070026A7A7 /* Build configuration list for PBXProject "MyPikachuApp" */;
			compatibilityVersion = "Xcode 9.3";
			developmentRegion = en;
			hasScannedForEncodings = 0;
			knownRegions = (
				en,
				Base,
			);
			mainGroup = 735D56F024F3D0070026A7A7;
			productRefGroup = 735D56FA24F3D0070026A7A7 /* Products */;
			projectDirPath = "";
			projectRoot = "";
			targets = (
				735D56F824F3D0070026A7A7 /* MyPikachuApp */,
			);
		};
/* End PBXProject section */

/* Begin PBXResourcesBuildPhase section */
		735D56F724F3D0070026A7A7 /* Resources */ = {
			isa = PBXResourcesBuildPhase;
			buildActionMask = 2147483647;
			files = (
				735D570924F3D00B0026A7A7 /* LaunchScreen.storyboard in Resources */,
				735D570624F3D00B0026A7A7 /* Assets.xcassets in Resources */,
				738D4DE624F4F16C0047DB04 /* MyCollectionViewCell.xib in Resources */,
				735D570424F3D0070026A7A7 /* Main.storyboard in Resources */,
			);
			runOnlyForDeploymentPostprocessing = 0;
		};
/* End PBXResourcesBuildPhase section */

/* Begin PBXSourcesBuildPhase section */
		735D56F524F3D0070026A7A7 /* Sources */ = {
			isa = PBXSourcesBuildPhase;
			buildActionMask = 2147483647;
			files = (
				731791CD24F514D800AE96FB /* SettingController.swift in Sources */,
				73B7ECC324F5F93000D909CE /* UserDefault.swift in Sources */,
				738D4DDB24F4EF490047DB04 /* MainController.swift in Sources */,
				738D4DE524F4F16C0047DB04 /* MyCollectionViewCell.swift in Sources */,
				738D4DD924F4E9150047DB04 /* WelcomeController.swift in Sources */,
				73B7ECC924F61C2400D909CE /* ResultViewController.swift in Sources */,
				73B7ECC724F60F3D00D909CE /* CardModel.swift in Sources */,
				735D56FD24F3D0070026A7A7 /* AppDelegate.swift in Sources */,
				735D56FF24F3D0070026A7A7 /* SceneDelegate.swift in Sources */,
				73DBEF9F24F63C6A00AFA9BF /* Score.swift in Sources */,
				73B7ECC524F6098800D909CE /* Card.swift in Sources */,
			);
			runOnlyForDeploymentPostprocessing = 0;
		};
/* End PBXSourcesBuildPhase section */

/* Begin PBXVariantGroup section */
		735D570224F3D0070026A7A7 /* Main.storyboard */ = {
			isa = PBXVariantGroup;
			children = (
				735D570324F3D0070026A7A7 /* Base */,
			);
			name = Main.storyboard;
			sourceTree = "<group>";
		};
		735D570724F3D00B0026A7A7 /* LaunchScreen.storyboard */ = {
			isa = PBXVariantGroup;
			children = (
				735D570824F3D00B0026A7A7 /* Base */,
			);
			name = LaunchScreen.storyboard;
			sourceTree = "<group>";
		};
/* End PBXVariantGroup section */

/* Begin XCBuildConfiguration section */
		735D570B24F3D00B0026A7A7 /* Debug */ = {
			isa = XCBuildConfiguration;
			buildSettings = {
				ALWAYS_SEARCH_USER_PATHS = NO;
				CLANG_ANALYZER_NONNULL = YES;
				CLANG_ANALYZER_NUMBER_OBJECT_CONVERSION = YES_AGGRESSIVE;
				CLANG_CXX_LANGUAGE_STANDARD = "gnu++14";
				CLANG_CXX_LIBRARY = "libc++";
				CLANG_ENABLE_MODULES = YES;
				CLANG_ENABLE_OBJC_ARC = YES;
				CLANG_ENABLE_OBJC_WEAK = YES;
				CLANG_WARN_BLOCK_CAPTURE_AUTORELEASING = YES;
				CLANG_WARN_BOOL_CONVERSION = YES;
				CLANG_WARN_COMMA = YES;
				CLANG_WARN_CONSTANT_CONVERSION = YES;
				CLANG_WARN_DEPRECATED_OBJC_IMPLEMENTATIONS = YES;
				CLANG_WARN_DIRECT_OBJC_ISA_USAGE = YES_ERROR;
				CLANG_WARN_DOCUMENTATION_COMMENTS = YES;
				CLANG_WARN_EMPTY_BODY = YES;
				CLANG_WARN_ENUM_CONVERSION = YES;
				CLANG_WARN_INFINITE_RECURSION = YES;
				CLANG_WARN_INT_CONVERSION = YES;
				CLANG_WARN_NON_LITERAL_NULL_CONVERSION = YES;
				CLANG_WARN_OBJC_IMPLICIT_RETAIN_SELF = YES;
				CLANG_WARN_OBJC_LITERAL_CONVERSION = YES;
				CLANG_WARN_OBJC_ROOT_CLASS = YES_ERROR;
				CLANG_WARN_RANGE_LOOP_ANALYSIS = YES;
				CLANG_WARN_STRICT_PROTOTYPES = YES;
				CLANG_WARN_SUSPICIOUS_MOVE = YES;
				CLANG_WARN_UNGUARDED_AVAILABILITY = YES_AGGRESSIVE;
				CLANG_WARN_UNREACHABLE_CODE = YES;
				CLANG_WARN__DUPLICATE_METHOD_MATCH = YES;
				COPY_PHASE_STRIP = NO;
				DEBUG_INFORMATION_FORMAT = dwarf;
				ENABLE_STRICT_OBJC_MSGSEND = YES;
				ENABLE_TESTABILITY = YES;
				GCC_C_LANGUAGE_STANDARD = gnu11;
				GCC_DYNAMIC_NO_PIC = NO;
				GCC_NO_COMMON_BLOCKS = YES;
				GCC_OPTIMIZATION_LEVEL = 0;
				GCC_PREPROCESSOR_DEFINITIONS = (
					"DEBUG=1",
					"$(inherited)",
				);
				GCC_WARN_64_TO_32_BIT_CONVERSION = YES;
				GCC_WARN_ABOUT_RETURN_TYPE = YES_ERROR;
				GCC_WARN_UNDECLARED_SELECTOR = YES;
				GCC_WARN_UNINITIALIZED_AUTOS = YES_AGGRESSIVE;
				GCC_WARN_UNUSED_FUNCTION = YES;
				GCC_WARN_UNUSED_VARIABLE = YES;
				IPHONEOS_DEPLOYMENT_TARGET = 13.6;
				MTL_ENABLE_DEBUG_INFO = INCLUDE_SOURCE;
				MTL_FAST_MATH = YES;
				ONLY_ACTIVE_ARCH = YES;
				SDKROOT = iphoneos;
				SWIFT_ACTIVE_COMPILATION_CONDITIONS = DEBUG;
				SWIFT_OPTIMIZATION_LEVEL = "-Onone";
			};
			name = Debug;
		};
		735D570C24F3D00B0026A7A7 /* Release */ = {
			isa = XCBuildConfiguration;
			buildSettings = {
				ALWAYS_SEARCH_USER_PATHS = NO;
				CLANG_ANALYZER_NONNULL = YES;
				CLANG_ANALYZER_NUMBER_OBJECT_CONVERSION = YES_AGGRESSIVE;
				CLANG_CXX_LANGUAGE_STANDARD = "gnu++14";
				CLANG_CXX_LIBRARY = "libc++";
				CLANG_ENABLE_MODULES = YES;
				CLANG_ENABLE_OBJC_ARC = YES;
				CLANG_ENABLE_OBJC_WEAK = YES;
				CLANG_WARN_BLOCK_CAPTURE_AUTORELEASING = YES;
				CLANG_WARN_BOOL_CONVERSION = YES;
				CLANG_WARN_COMMA = YES;
				CLANG_WARN_CONSTANT_CONVERSION = YES;
				CLANG_WARN_DEPRECATED_OBJC_IMPLEMENTATIONS = YES;
				CLANG_WARN_DIRECT_OBJC_ISA_USAGE = YES_ERROR;
				CLANG_WARN_DOCUMENTATION_COMMENTS = YES;
				CLANG_WARN_EMPTY_BODY = YES;
				CLANG_WARN_ENUM_CONVERSION = YES;
				CLANG_WARN_INFINITE_RECURSION = YES;
				CLANG_WARN_INT_CONVERSION = YES;
				CLANG_WARN_NON_LITERAL_NULL_CONVERSION = YES;
				CLANG_WARN_OBJC_IMPLICIT_RETAIN_SELF = YES;
				CLANG_WARN_OBJC_LITERAL_CONVERSION = YES;
				CLANG_WARN_OBJC_ROOT_CLASS = YES_ERROR;
				CLANG_WARN_RANGE_LOOP_ANALYSIS = YES;
				CLANG_WARN_STRICT_PROTOTYPES = YES;
				CLANG_WARN_SUSPICIOUS_MOVE = YES;
				CLANG_WARN_UNGUARDED_AVAILABILITY = YES_AGGRESSIVE;
				CLANG_WARN_UNREACHABLE_CODE = YES;
				CLANG_WARN__DUPLICATE_METHOD_MATCH = YES;
				COPY_PHASE_STRIP = NO;
				DEBUG_INFORMATION_FORMAT = "dwarf-with-dsym";
				ENABLE_NS_ASSERTIONS = NO;
				ENABLE_STRICT_OBJC_MSGSEND = YES;
				GCC_C_LANGUAGE_STANDARD = gnu11;
				GCC_NO_COMMON_BLOCKS = YES;
				GCC_WARN_64_TO_32_BIT_CONVERSION = YES;
				GCC_WARN_ABOUT_RETURN_TYPE = YES_ERROR;
				GCC_WARN_UNDECLARED_SELECTOR = YES;
				GCC_WARN_UNINITIALIZED_AUTOS = YES_AGGRESSIVE;
				GCC_WARN_UNUSED_FUNCTION = YES;
				GCC_WARN_UNUSED_VARIABLE = YES;
				IPHONEOS_DEPLOYMENT_TARGET = 13.6;
				MTL_ENABLE_DEBUG_INFO = NO;
				MTL_FAST_MATH = YES;
				SDKROOT = iphoneos;
				SWIFT_COMPILATION_MODE = wholemodule;
				SWIFT_OPTIMIZATION_LEVEL = "-O";
				VALIDATE_PRODUCT = YES;
			};
			name = Release;
		};
		735D570E24F3D00B0026A7A7 /* Debug */ = {
			isa = XCBuildConfiguration;
			buildSettings = {
				ASSETCATALOG_COMPILER_APPICON_NAME = AppIcon;
				CODE_SIGN_STYLE = Automatic;
				INFOPLIST_FILE = MyPikachuApp/Info.plist;
				LD_RUNPATH_SEARCH_PATHS = (
					"$(inherited)",
					"@executable_path/Frameworks",
				);
				PRODUCT_BUNDLE_IDENTIFIER = VTI.MyPikachuApp;
				PRODUCT_NAME = "$(TARGET_NAME)";
				SWIFT_VERSION = 5.0;
				TARGETED_DEVICE_FAMILY = "1,2";
			};
			name = Debug;
		};
		735D570F24F3D00B0026A7A7 /* Release */ = {
			isa = XCBuildConfiguration;
			buildSettings = {
				ASSETCATALOG_COMPILER_APPICON_NAME = AppIcon;
				CODE_SIGN_STYLE = Automatic;
				INFOPLIST_FILE = MyPikachuApp/Info.plist;
				LD_RUNPATH_SEARCH_PATHS = (
					"$(inherited)",
					"@executable_path/Frameworks",
				);
				PRODUCT_BUNDLE_IDENTIFIER = VTI.MyPikachuApp;
				PRODUCT_NAME = "$(TARGET_NAME)";
				SWIFT_VERSION = 5.0;
				TARGETED_DEVICE_FAMILY = "1,2";
			};
			name = Release;
		};
/* End XCBuildConfiguration section */

/* Begin XCConfigurationList section */
		735D56F424F3D0070026A7A7 /* Build configuration list for PBXProject "MyPikachuApp" */ = {
			isa = XCConfigurationList;
			buildConfigurations = (
				735D570B24F3D00B0026A7A7 /* Debug */,
				735D570C24F3D00B0026A7A7 /* Release */,
			);
			defaultConfigurationIsVisible = 0;
			defaultConfigurationName = Release;
		};
		735D570D24F3D00B0026A7A7 /* Build configuration list for PBXNativeTarget "MyPikachuApp" */ = {
			isa = XCConfigurationList;
			buildConfigurations = (
				735D570E24F3D00B0026A7A7 /* Debug */,
				735D570F24F3D00B0026A7A7 /* Release */,
			);
			defaultConfigurationIsVisible = 0;
			defaultConfigurationName = Release;
		};
/* End XCConfigurationList section */
	};
	rootObject = 735D56F124F3D0070026A7A7 /* Project object */;
}
